
Microsoft Visual Studio Solution File, Format Version 12.00
# Visual Studio Version 16
VisualStudioVersion = 16.0.30011.22
MinimumVisualStudioVersion = 10.0.40219.1
Project("{FAE04EC0-301F-11D3-BF4B-00C04F79EFBC}") = "EmployeeGrid", "EmployeeGrid\EmployeeGrid.csproj", "{EDF3A3FF-964C-46E4-A6CA-24884881FBFF}"
EndProject
Global
	GlobalSection(SolutionConfigurationPlatforms) = preSolution
		Debug|Any CPU = Debug|Any CPU
		Release|Any CPU = Release|Any CPU
	EndGlobalSection
	GlobalSection(ProjectConfigurationPlatforms) = postSolution
		{EDF3A3FF-964C-46E4-A6CA-24884881FBFF}.Debug|Any CPU.ActiveCfg = Debug|Any CPU
		{EDF3A3FF-964C-46E4-A6CA-24884881FBFF}.Debug|Any CPU.Build.0 = Debug|Any CPU
		{EDF3A3FF-964C-46E4-A6CA-24884881FBFF}.Release|Any CPU.ActiveCfg = Release|Any CPU
		{EDF3A3FF-964C-46E4-A6CA-24884881FBFF}.Release|Any CPU.Build.0 = Release|Any CPU
	EndGlobalSection
	GlobalSection(SolutionProperties) = preSolution
		HideSolutionNode = FALSE
	EndGlobalSection
	GlobalSection(ExtensibilityGlobals) = postSolution
		SolutionGuid = {33A66446-5D47-4494-959F-92BFAAC4A5C4}
	EndGlobalSection
EndGlobal
